// !$*UTF8*$!
{
	archiveVersion = 1;
	classes = {
	};
	objectVersion = 50;
	objects = {

/* Begin PBXBuildFile section */
		251712FCE5D0AACB31A8E0D0 /* Pods_FlickrSearchTests.framework in Frameworks */ = {isa = PBXBuildFile; fileRef = 07C33A430AF7A65ED3DFAB93 /* Pods_FlickrSearchTests.framework */; };
		6F7E5ABE28463B996547BC05 /* Pods_FlickrSearchUITests.framework in Frameworks */ = {isa = PBXBuildFile; fileRef = 1AE0D7C514370537A6D1ADEE /* Pods_FlickrSearchUITests.framework */; };
		A6934F7B18F85C8597C01312 /* Pods_FlickrSearch.framework in Frameworks */ = {isa = PBXBuildFile; fileRef = 3D4250BE93A66A3F5687CFA1 /* Pods_FlickrSearch.framework */; };
		F73A693D21986783004AB385 /* FlickrResponseParseTests.swift in Sources */ = {isa = PBXBuildFile; fileRef = F73A693C21986783004AB385 /* FlickrResponseParseTests.swift */; };
		F73A694021986A7C004AB385 /* FlickrPhotosResponse.json in Resources */ = {isa = PBXBuildFile; fileRef = F73A693F21986A7C004AB385 /* FlickrPhotosResponse.json */; };
		F73A694321987191004AB385 /* FlickrPhoto.json in Resources */ = {isa = PBXBuildFile; fileRef = F73A694221986FF7004AB385 /* FlickrPhoto.json */; };
		F7AB088721970C840012E9EA /* AppDelegate.swift in Sources */ = {isa = PBXBuildFile; fileRef = F7AB088621970C840012E9EA /* AppDelegate.swift */; };
		F7AB088E21970C860012E9EA /* Assets.xcassets in Resources */ = {isa = PBXBuildFile; fileRef = F7AB088D21970C860012E9EA /* Assets.xcassets */; };
		F7AB089121970C860012E9EA /* LaunchScreen.storyboard in Resources */ = {isa = PBXBuildFile; fileRef = F7AB088F21970C860012E9EA /* LaunchScreen.storyboard */; };
		F7AB089C21970C860012E9EA /* GalleryPresenterTests.swift in Sources */ = {isa = PBXBuildFile; fileRef = F7AB089B21970C860012E9EA /* GalleryPresenterTests.swift */; };
		F7AB08A721970C860012E9EA /* FlickrSearchUITests.swift in Sources */ = {isa = PBXBuildFile; fileRef = F7AB08A621970C860012E9EA /* FlickrSearchUITests.swift */; };
		F7AB08B721970FD90012E9EA /* HTTPRequestService.swift in Sources */ = {isa = PBXBuildFile; fileRef = F7AB08B621970FD90012E9EA /* HTTPRequestService.swift */; };
		F7AB08B921970FE30012E9EA /* HTTPRequest.swift in Sources */ = {isa = PBXBuildFile; fileRef = F7AB08B821970FE30012E9EA /* HTTPRequest.swift */; };
		F7AB08BC2197113F0012E9EA /* ImageSourceAPI.swift in Sources */ = {isa = PBXBuildFile; fileRef = F7AB08BB2197113F0012E9EA /* ImageSourceAPI.swift */; };
		F7AB08BE2197116D0012E9EA /* ImageResponse.swift in Sources */ = {isa = PBXBuildFile; fileRef = F7AB08BD2197116D0012E9EA /* ImageResponse.swift */; };
		F7AB08C0219711920012E9EA /* Image.swift in Sources */ = {isa = PBXBuildFile; fileRef = F7AB08BF219711920012E9EA /* Image.swift */; };
		F7AB08C3219712D50012E9EA /* Flickr.swift in Sources */ = {isa = PBXBuildFile; fileRef = F7AB08C2219712D50012E9EA /* Flickr.swift */; };
		F7AB08C8219713230012E9EA /* FlickrPhoto.swift in Sources */ = {isa = PBXBuildFile; fileRef = F7AB08C7219713230012E9EA /* FlickrPhoto.swift */; };
		F7AB08CA219713560012E9EA /* FlickrRequestPhotos.swift in Sources */ = {isa = PBXBuildFile; fileRef = F7AB08C9219713560012E9EA /* FlickrRequestPhotos.swift */; };
		F7AB08CC219715C50012E9EA /* FlickrPhotosResponse.swift in Sources */ = {isa = PBXBuildFile; fileRef = F7AB08CB219715C50012E9EA /* FlickrPhotosResponse.swift */; };
		F7AB08D0219717E70012E9EA /* GalleryRouter.swift in Sources */ = {isa = PBXBuildFile; fileRef = F7AB08CF219717E70012E9EA /* GalleryRouter.swift */; };
		F7AB08D2219717F20012E9EA /* GalleryViewController.swift in Sources */ = {isa = PBXBuildFile; fileRef = F7AB08D1219717F20012E9EA /* GalleryViewController.swift */; };
		F7AB08D4219717FB0012E9EA /* GalleryPresenter.swift in Sources */ = {isa = PBXBuildFile; fileRef = F7AB08D3219717FB0012E9EA /* GalleryPresenter.swift */; };
		F7AB08D6219719DA0012E9EA /* Gallery.storyboard in Resources */ = {isa = PBXBuildFile; fileRef = F7AB08D5219719DA0012E9EA /* Gallery.storyboard */; };
		F7AB08D821971BE70012E9EA /* ImageCell.swift in Sources */ = {isa = PBXBuildFile; fileRef = F7AB08D721971BE70012E9EA /* ImageCell.swift */; };
		F7AB08DD21971F110012E9EA /* FlickrPhotosService.swift in Sources */ = {isa = PBXBuildFile; fileRef = F7AB08DC21971F110012E9EA /* FlickrPhotosService.swift */; };
		F7AB08DF219720170012E9EA /* ImageViewData.swift in Sources */ = {isa = PBXBuildFile; fileRef = F7AB08DE219720170012E9EA /* ImageViewData.swift */; };
		F7AB08E12197235B0012E9EA /* GalleryViewData.swift in Sources */ = {isa = PBXBuildFile; fileRef = F7AB08E02197235B0012E9EA /* GalleryViewData.swift */; };
		F7AB08E4219726980012E9EA /* GalleryPersistenceManager.swift in Sources */ = {isa = PBXBuildFile; fileRef = F7AB08E3219726980012E9EA /* GalleryPersistenceManager.swift */; };
		F7AB08E7219739420012E9EA /* SearchViewController.swift in Sources */ = {isa = PBXBuildFile; fileRef = F7AB08E6219739420012E9EA /* SearchViewController.swift */; };
		F7AB08E92197397F0012E9EA /* Search.storyboard in Resources */ = {isa = PBXBuildFile; fileRef = F7AB08E82197397F0012E9EA /* Search.storyboard */; };
/* End PBXBuildFile section */

/* Begin PBXContainerItemProxy section */
		F7AB089821970C860012E9EA /* PBXContainerItemProxy */ = {
			isa = PBXContainerItemProxy;
			containerPortal = F7AB087B21970C830012E9EA /* Project object */;
			proxyType = 1;
			remoteGlobalIDString = F7AB088221970C830012E9EA;
			remoteInfo = FlickrSearch;
		};
		F7AB08A321970C860012E9EA /* PBXContainerItemProxy */ = {
			isa = PBXContainerItemProxy;
			containerPortal = F7AB087B21970C830012E9EA /* Project object */;
			proxyType = 1;
			remoteGlobalIDString = F7AB088221970C830012E9EA;
			remoteInfo = FlickrSearch;
		};
/* End PBXContainerItemProxy section */

/* Begin PBXFileReference section */
		05223DDBEEA617F9F7B87D32 /* Pods-FlickrSearch.release.xcconfig */ = {isa = PBXFileReference; includeInIndex = 1; lastKnownFileType = text.xcconfig; name = "Pods-FlickrSearch.release.xcconfig"; path = "Pods/Target Support Files/Pods-FlickrSearch/Pods-FlickrSearch.release.xcconfig"; sourceTree = "<group>"; };
		07C33A430AF7A65ED3DFAB93 /* Pods_FlickrSearchTests.framework */ = {isa = PBXFileReference; explicitFileType = wrapper.framework; includeInIndex = 0; path = Pods_FlickrSearchTests.framework; sourceTree = BUILT_PRODUCTS_DIR; };
		15B90D2CD6CE69441B90F4D4 /* Pods-FlickrSearchTests.release.xcconfig */ = {isa = PBXFileReference; includeInIndex = 1; lastKnownFileType = text.xcconfig; name = "Pods-FlickrSearchTests.release.xcconfig"; path = "Pods/Target Support Files/Pods-FlickrSearchTests/Pods-FlickrSearchTests.release.xcconfig"; sourceTree = "<group>"; };
		1AE0D7C514370537A6D1ADEE /* Pods_FlickrSearchUITests.framework */ = {isa = PBXFileReference; explicitFileType = wrapper.framework; includeInIndex = 0; path = Pods_FlickrSearchUITests.framework; sourceTree = BUILT_PRODUCTS_DIR; };
		3D4250BE93A66A3F5687CFA1 /* Pods_FlickrSearch.framework */ = {isa = PBXFileReference; explicitFileType = wrapper.framework; includeInIndex = 0; path = Pods_FlickrSearch.framework; sourceTree = BUILT_PRODUCTS_DIR; };
		7A870EB84D708A1D6F3C40C8 /* Pods-FlickrSearchUITests.release.xcconfig */ = {isa = PBXFileReference; includeInIndex = 1; lastKnownFileType = text.xcconfig; name = "Pods-FlickrSearchUITests.release.xcconfig"; path = "Pods/Target Support Files/Pods-FlickrSearchUITests/Pods-FlickrSearchUITests.release.xcconfig"; sourceTree = "<group>"; };
		86AE08747F3138C9843FD580 /* Pods-FlickrSearchUITests.debug.xcconfig */ = {isa = PBXFileReference; includeInIndex = 1; lastKnownFileType = text.xcconfig; name = "Pods-FlickrSearchUITests.debug.xcconfig"; path = "Pods/Target Support Files/Pods-FlickrSearchUITests/Pods-FlickrSearchUITests.debug.xcconfig"; sourceTree = "<group>"; };
		E96F92413FCDF7A91409C8CC /* Pods-FlickrSearchTests.debug.xcconfig */ = {isa = PBXFileReference; includeInIndex = 1; lastKnownFileType = text.xcconfig; name = "Pods-FlickrSearchTests.debug.xcconfig"; path = "Pods/Target Support Files/Pods-FlickrSearchTests/Pods-FlickrSearchTests.debug.xcconfig"; sourceTree = "<group>"; };
		F73A693C21986783004AB385 /* FlickrResponseParseTests.swift */ = {isa = PBXFileReference; lastKnownFileType = sourcecode.swift; path = FlickrResponseParseTests.swift; sourceTree = "<group>"; };
		F73A693F21986A7C004AB385 /* FlickrPhotosResponse.json */ = {isa = PBXFileReference; lastKnownFileType = text.json; path = FlickrPhotosResponse.json; sourceTree = "<group>"; };
		F73A694221986FF7004AB385 /* FlickrPhoto.json */ = {isa = PBXFileReference; lastKnownFileType = text.json; path = FlickrPhoto.json; sourceTree = "<group>"; };
		F7AB088321970C840012E9EA /* FlickrSearch.app */ = {isa = PBXFileReference; explicitFileType = wrapper.application; includeInIndex = 0; path = FlickrSearch.app; sourceTree = BUILT_PRODUCTS_DIR; };
		F7AB088621970C840012E9EA /* AppDelegate.swift */ = {isa = PBXFileReference; lastKnownFileType = sourcecode.swift; path = AppDelegate.swift; sourceTree = "<group>"; };
		F7AB088D21970C860012E9EA /* Assets.xcassets */ = {isa = PBXFileReference; lastKnownFileType = folder.assetcatalog; path = Assets.xcassets; sourceTree = "<group>"; };
		F7AB089021970C860012E9EA /* Base */ = {isa = PBXFileReference; lastKnownFileType = file.storyboard; name = Base; path = Base.lproj/LaunchScreen.storyboard; sourceTree = "<group>"; };
		F7AB089221970C860012E9EA /* Info.plist */ = {isa = PBXFileReference; lastKnownFileType = text.plist.xml; path = Info.plist; sourceTree = "<group>"; };
		F7AB089721970C860012E9EA /* FlickrSearchTests.xctest */ = {isa = PBXFileReference; explicitFileType = wrapper.cfbundle; includeInIndex = 0; path = FlickrSearchTests.xctest; sourceTree = BUILT_PRODUCTS_DIR; };
		F7AB089B21970C860012E9EA /* GalleryPresenterTests.swift */ = {isa = PBXFileReference; lastKnownFileType = sourcecode.swift; path = GalleryPresenterTests.swift; sourceTree = "<group>"; };
		F7AB089D21970C860012E9EA /* Info.plist */ = {isa = PBXFileReference; lastKnownFileType = text.plist.xml; path = Info.plist; sourceTree = "<group>"; };
		F7AB08A221970C860012E9EA /* FlickrSearchUITests.xctest */ = {isa = PBXFileReference; explicitFileType = wrapper.cfbundle; includeInIndex = 0; path = FlickrSearchUITests.xctest; sourceTree = BUILT_PRODUCTS_DIR; };
		F7AB08A621970C860012E9EA /* FlickrSearchUITests.swift */ = {isa = PBXFileReference; lastKnownFileType = sourcecode.swift; path = FlickrSearchUITests.swift; sourceTree = "<group>"; };
		F7AB08A821970C860012E9EA /* Info.plist */ = {isa = PBXFileReference; lastKnownFileType = text.plist.xml; path = Info.plist; sourceTree = "<group>"; };
		F7AB08B621970FD90012E9EA /* HTTPRequestService.swift */ = {isa = PBXFileReference; lastKnownFileType = sourcecode.swift; path = HTTPRequestService.swift; sourceTree = "<group>"; };
		F7AB08B821970FE30012E9EA /* HTTPRequest.swift */ = {isa = PBXFileReference; lastKnownFileType = sourcecode.swift; path = HTTPRequest.swift; sourceTree = "<group>"; };
		F7AB08BB2197113F0012E9EA /* ImageSourceAPI.swift */ = {isa = PBXFileReference; lastKnownFileType = sourcecode.swift; path = ImageSourceAPI.swift; sourceTree = "<group>"; };
		F7AB08BD2197116D0012E9EA /* ImageResponse.swift */ = {isa = PBXFileReference; lastKnownFileType = sourcecode.swift; path = ImageResponse.swift; sourceTree = "<group>"; };
		F7AB08BF219711920012E9EA /* Image.swift */ = {isa = PBXFileReference; lastKnownFileType = sourcecode.swift; path = Image.swift; sourceTree = "<group>"; };
		F7AB08C2219712D50012E9EA /* Flickr.swift */ = {isa = PBXFileReference; lastKnownFileType = sourcecode.swift; path = Flickr.swift; sourceTree = "<group>"; };
		F7AB08C7219713230012E9EA /* FlickrPhoto.swift */ = {isa = PBXFileReference; lastKnownFileType = sourcecode.swift; path = FlickrPhoto.swift; sourceTree = "<group>"; };
		F7AB08C9219713560012E9EA /* FlickrRequestPhotos.swift */ = {isa = PBXFileReference; lastKnownFileType = sourcecode.swift; path = FlickrRequestPhotos.swift; sourceTree = "<group>"; };
		F7AB08CB219715C50012E9EA /* FlickrPhotosResponse.swift */ = {isa = PBXFileReference; lastKnownFileType = sourcecode.swift; path = FlickrPhotosResponse.swift; sourceTree = "<group>"; };
		F7AB08CF219717E70012E9EA /* GalleryRouter.swift */ = {isa = PBXFileReference; lastKnownFileType = sourcecode.swift; path = GalleryRouter.swift; sourceTree = "<group>"; };
		F7AB08D1219717F20012E9EA /* GalleryViewController.swift */ = {isa = PBXFileReference; lastKnownFileType = sourcecode.swift; path = GalleryViewController.swift; sourceTree = "<group>"; };
		F7AB08D3219717FB0012E9EA /* GalleryPresenter.swift */ = {isa = PBXFileReference; lastKnownFileType = sourcecode.swift; path = GalleryPresenter.swift; sourceTree = "<group>"; };
		F7AB08D5219719DA0012E9EA /* Gallery.storyboard */ = {isa = PBXFileReference; lastKnownFileType = file.storyboard; path = Gallery.storyboard; sourceTree = "<group>"; };
		F7AB08D721971BE70012E9EA /* ImageCell.swift */ = {isa = PBXFileReference; lastKnownFileType = sourcecode.swift; path = ImageCell.swift; sourceTree = "<group>"; };
		F7AB08DC21971F110012E9EA /* FlickrPhotosService.swift */ = {isa = PBXFileReference; lastKnownFileType = sourcecode.swift; path = FlickrPhotosService.swift; sourceTree = "<group>"; };
		F7AB08DE219720170012E9EA /* ImageViewData.swift */ = {isa = PBXFileReference; lastKnownFileType = sourcecode.swift; path = ImageViewData.swift; sourceTree = "<group>"; };
		F7AB08E02197235B0012E9EA /* GalleryViewData.swift */ = {isa = PBXFileReference; lastKnownFileType = sourcecode.swift; path = GalleryViewData.swift; sourceTree = "<group>"; };
		F7AB08E3219726980012E9EA /* GalleryPersistenceManager.swift */ = {isa = PBXFileReference; lastKnownFileType = sourcecode.swift; path = GalleryPersistenceManager.swift; sourceTree = "<group>"; };
		F7AB08E6219739420012E9EA /* SearchViewController.swift */ = {isa = PBXFileReference; lastKnownFileType = sourcecode.swift; path = SearchViewController.swift; sourceTree = "<group>"; };
		F7AB08E82197397F0012E9EA /* Search.storyboard */ = {isa = PBXFileReference; lastKnownFileType = file.storyboard; path = Search.storyboard; sourceTree = "<group>"; };
		FA0AC518E28E877CBFB38957 /* Pods-FlickrSearch.debug.xcconfig */ = {isa = PBXFileReference; includeInIndex = 1; lastKnownFileType = text.xcconfig; name = "Pods-FlickrSearch.debug.xcconfig"; path = "Pods/Target Support Files/Pods-FlickrSearch/Pods-FlickrSearch.debug.xcconfig"; sourceTree = "<group>"; };
/* End PBXFileReference section */

/* Begin PBXFrameworksBuildPhase section */
		F7AB088021970C830012E9EA /* Frameworks */ = {
			isa = PBXFrameworksBuildPhase;
			buildActionMask = 2147483647;
			files = (
				A6934F7B18F85C8597C01312 /* Pods_FlickrSearch.framework in Frameworks */,
			);
			runOnlyForDeploymentPostprocessing = 0;
		};
		F7AB089421970C860012E9EA /* Frameworks */ = {
			isa = PBXFrameworksBuildPhase;
			buildActionMask = 2147483647;
			files = (
				251712FCE5D0AACB31A8E0D0 /* Pods_FlickrSearchTests.framework in Frameworks */,
			);
			runOnlyForDeploymentPostprocessing = 0;
		};
		F7AB089F21970C860012E9EA /* Frameworks */ = {
			isa = PBXFrameworksBuildPhase;
			buildActionMask = 2147483647;
			files = (
				6F7E5ABE28463B996547BC05 /* Pods_FlickrSearchUITests.framework in Frameworks */,
			);
			runOnlyForDeploymentPostprocessing = 0;
		};
/* End PBXFrameworksBuildPhase section */

/* Begin PBXGroup section */
		3FD9A95A027DB220AB85DCE9 /* Frameworks */ = {
			isa = PBXGroup;
			children = (
				3D4250BE93A66A3F5687CFA1 /* Pods_FlickrSearch.framework */,
				07C33A430AF7A65ED3DFAB93 /* Pods_FlickrSearchTests.framework */,
				1AE0D7C514370537A6D1ADEE /* Pods_FlickrSearchUITests.framework */,
			);
			name = Frameworks;
			sourceTree = "<group>";
		};
		70728167BE14B575CFDCA21B /* Pods */ = {
			isa = PBXGroup;
			children = (
				FA0AC518E28E877CBFB38957 /* Pods-FlickrSearch.debug.xcconfig */,
				05223DDBEEA617F9F7B87D32 /* Pods-FlickrSearch.release.xcconfig */,
				E96F92413FCDF7A91409C8CC /* Pods-FlickrSearchTests.debug.xcconfig */,
				15B90D2CD6CE69441B90F4D4 /* Pods-FlickrSearchTests.release.xcconfig */,
				86AE08747F3138C9843FD580 /* Pods-FlickrSearchUITests.debug.xcconfig */,
				7A870EB84D708A1D6F3C40C8 /* Pods-FlickrSearchUITests.release.xcconfig */,
			);
			name = Pods;
			sourceTree = "<group>";
		};
		F73A693E21986A58004AB385 /* parse */ = {
			isa = PBXGroup;
			children = (
				F73A693C21986783004AB385 /* FlickrResponseParseTests.swift */,
				F73A694221986FF7004AB385 /* FlickrPhoto.json */,
				F73A693F21986A7C004AB385 /* FlickrPhotosResponse.json */,
			);
			path = parse;
			sourceTree = "<group>";
		};
		F73A694121986FA5004AB385 /* presenter */ = {
			isa = PBXGroup;
			children = (
				F7AB089B21970C860012E9EA /* GalleryPresenterTests.swift */,
			);
			path = presenter;
			sourceTree = "<group>";
		};
		F7AB087A21970C830012E9EA = {
			isa = PBXGroup;
			children = (
				F7AB088521970C840012E9EA /* FlickrSearch */,
				F7AB089A21970C860012E9EA /* FlickrSearchTests */,
				F7AB08A521970C860012E9EA /* FlickrSearchUITests */,
				F7AB088421970C840012E9EA /* Products */,
				70728167BE14B575CFDCA21B /* Pods */,
				3FD9A95A027DB220AB85DCE9 /* Frameworks */,
			);
			sourceTree = "<group>";
		};
		F7AB088421970C840012E9EA /* Products */ = {
			isa = PBXGroup;
			children = (
				F7AB088321970C840012E9EA /* FlickrSearch.app */,
				F7AB089721970C860012E9EA /* FlickrSearchTests.xctest */,
				F7AB08A221970C860012E9EA /* FlickrSearchUITests.xctest */,
			);
			name = Products;
			sourceTree = "<group>";
		};
		F7AB088521970C840012E9EA /* FlickrSearch */ = {
			isa = PBXGroup;
			children = (
				F7AB08CD219717A10012E9EA /* scenes */,
				F7AB08B421970FAF0012E9EA /* model */,
				F7AB088621970C840012E9EA /* AppDelegate.swift */,
				F7AB088D21970C860012E9EA /* Assets.xcassets */,
				F7AB088F21970C860012E9EA /* LaunchScreen.storyboard */,
				F7AB089221970C860012E9EA /* Info.plist */,
			);
			path = FlickrSearch;
			sourceTree = "<group>";
		};
		F7AB089A21970C860012E9EA /* FlickrSearchTests */ = {
			isa = PBXGroup;
			children = (
				F73A694121986FA5004AB385 /* presenter */,
				F73A693E21986A58004AB385 /* parse */,
				F7AB089D21970C860012E9EA /* Info.plist */,
			);
			path = FlickrSearchTests;
			sourceTree = "<group>";
		};
		F7AB08A521970C860012E9EA /* FlickrSearchUITests */ = {
			isa = PBXGroup;
			children = (
				F7AB08A621970C860012E9EA /* FlickrSearchUITests.swift */,
				F7AB08A821970C860012E9EA /* Info.plist */,
			);
			path = FlickrSearchUITests;
			sourceTree = "<group>";
		};
		F7AB08B421970FAF0012E9EA /* model */ = {
			isa = PBXGroup;
			children = (
				F7AB08BA219711280012E9EA /* imageSource */,
				F7AB08B521970FB80012E9EA /* httpRequestService */,
			);
			path = model;
			sourceTree = "<group>";
		};
		F7AB08B521970FB80012E9EA /* httpRequestService */ = {
			isa = PBXGroup;
			children = (
				F7AB08B621970FD90012E9EA /* HTTPRequestService.swift */,
				F7AB08B821970FE30012E9EA /* HTTPRequest.swift */,
			);
			path = httpRequestService;
			sourceTree = "<group>";
		};
		F7AB08BA219711280012E9EA /* imageSource */ = {
			isa = PBXGroup;
			children = (
				F7AB08C1219712C80012E9EA /* flickr */,
				F7AB08BB2197113F0012E9EA /* ImageSourceAPI.swift */,
				F7AB08BD2197116D0012E9EA /* ImageResponse.swift */,
				F7AB08BF219711920012E9EA /* Image.swift */,
			);
			path = imageSource;
			sourceTree = "<group>";
		};
		F7AB08C1219712C80012E9EA /* flickr */ = {
			isa = PBXGroup;
			children = (
				F7AB08DB21971EFB0012E9EA /* service */,
				F7AB08C4219712F40012E9EA /* mappings */,
				F7AB08C2219712D50012E9EA /* Flickr.swift */,
			);
			path = flickr;
			sourceTree = "<group>";
		};
		F7AB08C4219712F40012E9EA /* mappings */ = {
			isa = PBXGroup;
			children = (
				F7AB08C5219713080012E9EA /* request */,
				F7AB08C62197130C0012E9EA /* response */,
				F7AB08C7219713230012E9EA /* FlickrPhoto.swift */,
			);
			path = mappings;
			sourceTree = "<group>";
		};
		F7AB08C5219713080012E9EA /* request */ = {
			isa = PBXGroup;
			children = (
				F7AB08C9219713560012E9EA /* FlickrRequestPhotos.swift */,
			);
			path = request;
			sourceTree = "<group>";
		};
		F7AB08C62197130C0012E9EA /* response */ = {
			isa = PBXGroup;
			children = (
				F7AB08CB219715C50012E9EA /* FlickrPhotosResponse.swift */,
			);
			path = response;
			sourceTree = "<group>";
		};
		F7AB08CD219717A10012E9EA /* scenes */ = {
			isa = PBXGroup;
			children = (
				F7AB08CE219717BF0012E9EA /* gallery */,
			);
			path = scenes;
			sourceTree = "<group>";
		};
		F7AB08CE219717BF0012E9EA /* gallery */ = {
			isa = PBXGroup;
			children = (
				F7AB08E5219739240012E9EA /* search */,
				F7AB08CF219717E70012E9EA /* GalleryRouter.swift */,
				F7AB08D1219717F20012E9EA /* GalleryViewController.swift */,
				F7AB08D3219717FB0012E9EA /* GalleryPresenter.swift */,
				F7AB08E3219726980012E9EA /* GalleryPersistenceManager.swift */,
				F7AB08E02197235B0012E9EA /* GalleryViewData.swift */,
				F7AB08DE219720170012E9EA /* ImageViewData.swift */,
				F7AB08D721971BE70012E9EA /* ImageCell.swift */,
				F7AB08D5219719DA0012E9EA /* Gallery.storyboard */,
			);
			path = gallery;
			sourceTree = "<group>";
		};
		F7AB08DB21971EFB0012E9EA /* service */ = {
			isa = PBXGroup;
			children = (
				F7AB08DC21971F110012E9EA /* FlickrPhotosService.swift */,
			);
			path = service;
			sourceTree = "<group>";
		};
		F7AB08E5219739240012E9EA /* search */ = {
			isa = PBXGroup;
			children = (
				F7AB08E6219739420012E9EA /* SearchViewController.swift */,
				F7AB08E82197397F0012E9EA /* Search.storyboard */,
			);
			path = search;
			sourceTree = "<group>";
		};
/* End PBXGroup section */

/* Begin PBXNativeTarget section */
		F7AB088221970C830012E9EA /* FlickrSearch */ = {
			isa = PBXNativeTarget;
			buildConfigurationList = F7AB08AB21970C860012E9EA /* Build configuration list for PBXNativeTarget "FlickrSearch" */;
			buildPhases = (
				AC4A6BF60D7D535EE434E4BD /* [CP] Check Pods Manifest.lock */,
				F7AB087F21970C830012E9EA /* Sources */,
				F7AB088021970C830012E9EA /* Frameworks */,
				F7AB088121970C830012E9EA /* Resources */,
				D42AA33F6C411DCF73A57A3F /* [CP] Embed Pods Frameworks */,
				B1E3D2BAF72D5F4B5CDCED8C /* [CP] Copy Pods Resources */,
			);
			buildRules = (
			);
			dependencies = (
			);
			name = FlickrSearch;
			productName = FlickrSearch;
			productReference = F7AB088321970C840012E9EA /* FlickrSearch.app */;
			productType = "com.apple.product-type.application";
		};
		F7AB089621970C860012E9EA /* FlickrSearchTests */ = {
			isa = PBXNativeTarget;
			buildConfigurationList = F7AB08AE21970C860012E9EA /* Build configuration list for PBXNativeTarget "FlickrSearchTests" */;
			buildPhases = (
				44944D2839F1D6E8B3287D96 /* [CP] Check Pods Manifest.lock */,
				F7AB089321970C860012E9EA /* Sources */,
				F7AB089421970C860012E9EA /* Frameworks */,
				F7AB089521970C860012E9EA /* Resources */,
				EF91DD196C3BB31F9CB0B847 /* [CP] Embed Pods Frameworks */,
				CAF7018C14AF52D19B34507D /* [CP] Copy Pods Resources */,
			);
			buildRules = (
			);
			dependencies = (
				F7AB089921970C860012E9EA /* PBXTargetDependency */,
			);
			name = FlickrSearchTests;
			productName = FlickrSearchTests;
			productReference = F7AB089721970C860012E9EA /* FlickrSearchTests.xctest */;
			productType = "com.apple.product-type.bundle.unit-test";
		};
		F7AB08A121970C860012E9EA /* FlickrSearchUITests */ = {
			isa = PBXNativeTarget;
			buildConfigurationList = F7AB08B121970C860012E9EA /* Build configuration list for PBXNativeTarget "FlickrSearchUITests" */;
			buildPhases = (
				FF3C0FC347D4383E7E7C4A67 /* [CP] Check Pods Manifest.lock */,
				F7AB089E21970C860012E9EA /* Sources */,
				F7AB089F21970C860012E9EA /* Frameworks */,
				F7AB08A021970C860012E9EA /* Resources */,
				C3210994697CD2D049716D4F /* [CP] Embed Pods Frameworks */,
				25D9AAFBCE9442693159A7F0 /* [CP] Copy Pods Resources */,
			);
			buildRules = (
			);
			dependencies = (
				F7AB08A421970C860012E9EA /* PBXTargetDependency */,
			);
			name = FlickrSearchUITests;
			productName = FlickrSearchUITests;
			productReference = F7AB08A221970C860012E9EA /* FlickrSearchUITests.xctest */;
			productType = "com.apple.product-type.bundle.ui-testing";
		};
/* End PBXNativeTarget section */

/* Begin PBXProject section */
		F7AB087B21970C830012E9EA /* Project object */ = {
			isa = PBXProject;
			attributes = {
				LastSwiftUpdateCheck = 1010;
				LastUpgradeCheck = 1010;
				ORGANIZATIONNAME = "Somebody Someone";
				TargetAttributes = {
					F7AB088221970C830012E9EA = {
						CreatedOnToolsVersion = 10.1;
					};
					F7AB089621970C860012E9EA = {
						CreatedOnToolsVersion = 10.1;
						TestTargetID = F7AB088221970C830012E9EA;
					};
					F7AB08A121970C860012E9EA = {
						CreatedOnToolsVersion = 10.1;
						TestTargetID = F7AB088221970C830012E9EA;
					};
				};
			};
			buildConfigurationList = F7AB087E21970C830012E9EA /* Build configuration list for PBXProject "FlickrSearch" */;
			compatibilityVersion = "Xcode 9.3";
			developmentRegion = en;
			hasScannedForEncodings = 0;
			knownRegions = (
				en,
				Base,
			);
			mainGroup = F7AB087A21970C830012E9EA;
			productRefGroup = F7AB088421970C840012E9EA /* Products */;
			projectDirPath = "";
			projectRoot = "";
			targets = (
				F7AB088221970C830012E9EA /* FlickrSearch */,
				F7AB089621970C860012E9EA /* FlickrSearchTests */,
				F7AB08A121970C860012E9EA /* FlickrSearchUITests */,
			);
		};
/* End PBXProject section */

/* Begin PBXResourcesBuildPhase section */
		F7AB088121970C830012E9EA /* Resources */ = {
			isa = PBXResourcesBuildPhase;
			buildActionMask = 2147483647;
			files = (
				F7AB089121970C860012E9EA /* LaunchScreen.storyboard in Resources */,
				F7AB08D6219719DA0012E9EA /* Gallery.storyboard in Resources */,
				F7AB08E92197397F0012E9EA /* Search.storyboard in Resources */,
				F7AB088E21970C860012E9EA /* Assets.xcassets in Resources */,
			);
			runOnlyForDeploymentPostprocessing = 0;
		};
		F7AB089521970C860012E9EA /* Resources */ = {
			isa = PBXResourcesBuildPhase;
			buildActionMask = 2147483647;
			files = (
				F73A694021986A7C004AB385 /* FlickrPhotosResponse.json in Resources */,
				F73A694321987191004AB385 /* FlickrPhoto.json in Resources */,
			);
			runOnlyForDeploymentPostprocessing = 0;
		};
		F7AB08A021970C860012E9EA /* Resources */ = {
			isa = PBXResourcesBuildPhase;
			buildActionMask = 2147483647;
			files = (
			);
			runOnlyForDeploymentPostprocessing = 0;
		};
/* End PBXResourcesBuildPhase section */

/* Begin PBXShellScriptBuildPhase section */
		25D9AAFBCE9442693159A7F0 /* [CP] Copy Pods Resources */ = {
			isa = PBXShellScriptBuildPhase;
			buildActionMask = 2147483647;
			files = (
			);
			inputPaths = (
			);
			name = "[CP] Copy Pods Resources";
			outputPaths = (
			);
			runOnlyForDeploymentPostprocessing = 0;
			shellPath = /bin/sh;
			shellScript = "\"${SRCROOT}/Pods/Target Support Files/Pods-FlickrSearchUITests/Pods-FlickrSearchUITests-resources.sh\"\n";
			showEnvVarsInLog = 0;
		};
		44944D2839F1D6E8B3287D96 /* [CP] Check Pods Manifest.lock */ = {
			isa = PBXShellScriptBuildPhase;
			buildActionMask = 2147483647;
			files = (
			);
			inputPaths = (
				"${PODS_PODFILE_DIR_PATH}/Podfile.lock",
				"${PODS_ROOT}/Manifest.lock",
			);
			name = "[CP] Check Pods Manifest.lock";
			outputPaths = (
				"$(DERIVED_FILE_DIR)/Pods-FlickrSearchTests-checkManifestLockResult.txt",
			);
			runOnlyForDeploymentPostprocessing = 0;
			shellPath = /bin/sh;
			shellScript = "diff \"${PODS_PODFILE_DIR_PATH}/Podfile.lock\" \"${PODS_ROOT}/Manifest.lock\" > /dev/null\nif [ $? != 0 ] ; then\n    # print error to STDERR\n    echo \"error: The sandbox is not in sync with the Podfile.lock. Run 'pod install' or update your CocoaPods installation.\" >&2\n    exit 1\nfi\n# This output is used by Xcode 'outputs' to avoid re-running this script phase.\necho \"SUCCESS\" > \"${SCRIPT_OUTPUT_FILE_0}\"\n";
			showEnvVarsInLog = 0;
		};
		AC4A6BF60D7D535EE434E4BD /* [CP] Check Pods Manifest.lock */ = {
			isa = PBXShellScriptBuildPhase;
			buildActionMask = 2147483647;
			files = (
			);
			inputPaths = (
				"${PODS_PODFILE_DIR_PATH}/Podfile.lock",
				"${PODS_ROOT}/Manifest.lock",
			);
			name = "[CP] Check Pods Manifest.lock";
			outputPaths = (
				"$(DERIVED_FILE_DIR)/Pods-FlickrSearch-checkManifestLockResult.txt",
			);
			runOnlyForDeploymentPostprocessing = 0;
			shellPath = /bin/sh;
			shellScript = "diff \"${PODS_PODFILE_DIR_PATH}/Podfile.lock\" \"${PODS_ROOT}/Manifest.lock\" > /dev/null\nif [ $? != 0 ] ; then\n    # print error to STDERR\n    echo \"error: The sandbox is not in sync with the Podfile.lock. Run 'pod install' or update your CocoaPods installation.\" >&2\n    exit 1\nfi\n# This output is used by Xcode 'outputs' to avoid re-running this script phase.\necho \"SUCCESS\" > \"${SCRIPT_OUTPUT_FILE_0}\"\n";
			showEnvVarsInLog = 0;
		};
		B1E3D2BAF72D5F4B5CDCED8C /* [CP] Copy Pods Resources */ = {
			isa = PBXShellScriptBuildPhase;
			buildActionMask = 2147483647;
			files = (
			);
			inputPaths = (
			);
			name = "[CP] Copy Pods Resources";
			outputPaths = (
			);
			runOnlyForDeploymentPostprocessing = 0;
			shellPath = /bin/sh;
			shellScript = "\"${SRCROOT}/Pods/Target Support Files/Pods-FlickrSearch/Pods-FlickrSearch-resources.sh\"\n";
			showEnvVarsInLog = 0;
		};
		C3210994697CD2D049716D4F /* [CP] Embed Pods Frameworks */ = {
			isa = PBXShellScriptBuildPhase;
			buildActionMask = 2147483647;
			files = (
			);
			inputPaths = (
			);
			name = "[CP] Embed Pods Frameworks";
			outputPaths = (
			);
			runOnlyForDeploymentPostprocessing = 0;
			shellPath = /bin/sh;
			shellScript = "\"${SRCROOT}/Pods/Target Support Files/Pods-FlickrSearchUITests/Pods-FlickrSearchUITests-frameworks.sh\"\n";
			showEnvVarsInLog = 0;
		};
		CAF7018C14AF52D19B34507D /* [CP] Copy Pods Resources */ = {
			isa = PBXShellScriptBuildPhase;
			buildActionMask = 2147483647;
			files = (
			);
			inputPaths = (
			);
			name = "[CP] Copy Pods Resources";
			outputPaths = (
			);
			runOnlyForDeploymentPostprocessing = 0;
			shellPath = /bin/sh;
			shellScript = "\"${SRCROOT}/Pods/Target Support Files/Pods-FlickrSearchTests/Pods-FlickrSearchTests-resources.sh\"\n";
			showEnvVarsInLog = 0;
		};
		D42AA33F6C411DCF73A57A3F /* [CP] Embed Pods Frameworks */ = {
			isa = PBXShellScriptBuildPhase;
			buildActionMask = 2147483647;
			files = (
			);
			inputPaths = (
				"${SRCROOT}/Pods/Target Support Files/Pods-FlickrSearch/Pods-FlickrSearch-frameworks.sh",
				"${BUILT_PRODUCTS_DIR}/Alamofire/Alamofire.framework",
				"${BUILT_PRODUCTS_DIR}/Diff/Diff.framework",
				"${BUILT_PRODUCTS_DIR}/Kingfisher/Kingfisher.framework",
				"${BUILT_PRODUCTS_DIR}/ProgressHUD/ProgressHUD.framework",
				"${BUILT_PRODUCTS_DIR}/SKPhotoBrowser/SKPhotoBrowser.framework",
			);
			name = "[CP] Embed Pods Frameworks";
			outputPaths = (
				"${TARGET_BUILD_DIR}/${FRAMEWORKS_FOLDER_PATH}/Alamofire.framework",
				"${TARGET_BUILD_DIR}/${FRAMEWORKS_FOLDER_PATH}/Diff.framework",
				"${TARGET_BUILD_DIR}/${FRAMEWORKS_FOLDER_PATH}/Kingfisher.framework",
				"${TARGET_BUILD_DIR}/${FRAMEWORKS_FOLDER_PATH}/ProgressHUD.framework",
				"${TARGET_BUILD_DIR}/${FRAMEWORKS_FOLDER_PATH}/SKPhotoBrowser.framework",
			);
			runOnlyForDeploymentPostprocessing = 0;
			shellPath = /bin/sh;
			shellScript = "\"${SRCROOT}/Pods/Target Support Files/Pods-FlickrSearch/Pods-FlickrSearch-frameworks.sh\"\n";
			showEnvVarsInLog = 0;
		};
		EF91DD196C3BB31F9CB0B847 /* [CP] Embed Pods Frameworks */ = {
			isa = PBXShellScriptBuildPhase;
			buildActionMask = 2147483647;
			files = (
			);
			inputPaths = (
			);
			name = "[CP] Embed Pods Frameworks";
			outputPaths = (
			);
			runOnlyForDeploymentPostprocessing = 0;
			shellPath = /bin/sh;
			shellScript = "\"${SRCROOT}/Pods/Target Support Files/Pods-FlickrSearchTests/Pods-FlickrSearchTests-frameworks.sh\"\n";
			showEnvVarsInLog = 0;
		};
		FF3C0FC347D4383E7E7C4A67 /* [CP] Check Pods Manifest.lock */ = {
			isa = PBXShellScriptBuildPhase;
			buildActionMask = 2147483647;
			files = (
			);
			inputPaths = (
				"${PODS_PODFILE_DIR_PATH}/Podfile.lock",
				"${PODS_ROOT}/Manifest.lock",
			);
			name = "[CP] Check Pods Manifest.lock";
			outputPaths = (
				"$(DERIVED_FILE_DIR)/Pods-FlickrSearchUITests-checkManifestLockResult.txt",
			);
			runOnlyForDeploymentPostprocessing = 0;
			shellPath = /bin/sh;
			shellScript = "diff \"${PODS_PODFILE_DIR_PATH}/Podfile.lock\" \"${PODS_ROOT}/Manifest.lock\" > /dev/null\nif [ $? != 0 ] ; then\n    # print error to STDERR\n    echo \"error: The sandbox is not in sync with the Podfile.lock. Run 'pod install' or update your CocoaPods installation.\" >&2\n    exit 1\nfi\n# This output is used by Xcode 'outputs' to avoid re-running this script phase.\necho \"SUCCESS\" > \"${SCRIPT_OUTPUT_FILE_0}\"\n";
			showEnvVarsInLog = 0;
		};
/* End PBXShellScriptBuildPhase section */

/* Begin PBXSourcesBuildPhase section */
		F7AB087F21970C830012E9EA /* Sources */ = {
			isa = PBXSourcesBuildPhase;
			buildActionMask = 2147483647;
			files = (
				F7AB08D4219717FB0012E9EA /* GalleryPresenter.swift in Sources */,
				F7AB08B921970FE30012E9EA /* HTTPRequest.swift in Sources */,
				F7AB08C8219713230012E9EA /* FlickrPhoto.swift in Sources */,
				F7AB08CC219715C50012E9EA /* FlickrPhotosResponse.swift in Sources */,
				F7AB08E7219739420012E9EA /* SearchViewController.swift in Sources */,
				F7AB08C0219711920012E9EA /* Image.swift in Sources */,
				F7AB08D821971BE70012E9EA /* ImageCell.swift in Sources */,
				F7AB08DF219720170012E9EA /* ImageViewData.swift in Sources */,
				F7AB08BC2197113F0012E9EA /* ImageSourceAPI.swift in Sources */,
				F7AB08BE2197116D0012E9EA /* ImageResponse.swift in Sources */,
				F7AB08DD21971F110012E9EA /* FlickrPhotosService.swift in Sources */,
				F7AB08E4219726980012E9EA /* GalleryPersistenceManager.swift in Sources */,
				F7AB088721970C840012E9EA /* AppDelegate.swift in Sources */,
				F7AB08D0219717E70012E9EA /* GalleryRouter.swift in Sources */,
				F7AB08C3219712D50012E9EA /* Flickr.swift in Sources */,
				F7AB08E12197235B0012E9EA /* GalleryViewData.swift in Sources */,
				F7AB08D2219717F20012E9EA /* GalleryViewController.swift in Sources */,
				F7AB08B721970FD90012E9EA /* HTTPRequestService.swift in Sources */,
				F7AB08CA219713560012E9EA /* FlickrRequestPhotos.swift in Sources */,
			);
			runOnlyForDeploymentPostprocessing = 0;
		};
		F7AB089321970C860012E9EA /* Sources */ = {
			isa = PBXSourcesBuildPhase;
			buildActionMask = 2147483647;
			files = (
				F7AB089C21970C860012E9EA /* GalleryPresenterTests.swift in Sources */,
				F73A693D21986783004AB385 /* FlickrResponseParseTests.swift in Sources */,
			);
			runOnlyForDeploymentPostprocessing = 0;
		};
		F7AB089E21970C860012E9EA /* Sources */ = {
			isa = PBXSourcesBuildPhase;
			buildActionMask = 2147483647;
			files = (
				F7AB08A721970C860012E9EA /* FlickrSearchUITests.swift in Sources */,
			);
			runOnlyForDeploymentPostprocessing = 0;
		};
/* End PBXSourcesBuildPhase section */

/* Begin PBXTargetDependency section */
		F7AB089921970C860012E9EA /* PBXTargetDependency */ = {
			isa = PBXTargetDependency;
			target = F7AB088221970C830012E9EA /* FlickrSearch */;
			targetProxy = F7AB089821970C860012E9EA /* PBXContainerItemProxy */;
		};
		F7AB08A421970C860012E9EA /* PBXTargetDependency */ = {
			isa = PBXTargetDependency;
			target = F7AB088221970C830012E9EA /* FlickrSearch */;
			targetProxy = F7AB08A321970C860012E9EA /* PBXContainerItemProxy */;
		};
/* End PBXTargetDependency section */

/* Begin PBXVariantGroup section */
		F7AB088F21970C860012E9EA /* LaunchScreen.storyboard */ = {
			isa = PBXVariantGroup;
			children = (
				F7AB089021970C860012E9EA /* Base */,
			);
			name = LaunchScreen.storyboard;
			sourceTree = "<group>";
		};
/* End PBXVariantGroup section */

/* Begin XCBuildConfiguration section */
		F7AB08A921970C860012E9EA /* Debug */ = {
			isa = XCBuildConfiguration;
			buildSettings = {
				ALWAYS_SEARCH_USER_PATHS = NO;
				CLANG_ANALYZER_NONNULL = YES;
				CLANG_ANALYZER_NUMBER_OBJECT_CONVERSION = YES_AGGRESSIVE;
				CLANG_CXX_LANGUAGE_STANDARD = "gnu++14";
				CLANG_CXX_LIBRARY = "libc++";
				CLANG_ENABLE_MODULES = YES;
				CLANG_ENABLE_OBJC_ARC = YES;
				CLANG_ENABLE_OBJC_WEAK = YES;
				CLANG_WARN_BLOCK_CAPTURE_AUTORELEASING = YES;
				CLANG_WARN_BOOL_CONVERSION = YES;
				CLANG_WARN_COMMA = YES;
				CLANG_WARN_CONSTANT_CONVERSION = YES;
				CLANG_WARN_DEPRECATED_OBJC_IMPLEMENTATIONS = YES;
				CLANG_WARN_DIRECT_OBJC_ISA_USAGE = YES_ERROR;
				CLANG_WARN_DOCUMENTATION_COMMENTS = YES;
				CLANG_WARN_EMPTY_BODY = YES;
				CLANG_WARN_ENUM_CONVERSION = YES;
				CLANG_WARN_INFINITE_RECURSION = YES;
				CLANG_WARN_INT_CONVERSION = YES;
				CLANG_WARN_NON_LITERAL_NULL_CONVERSION = YES;
				CLANG_WARN_OBJC_IMPLICIT_RETAIN_SELF = YES;
				CLANG_WARN_OBJC_LITERAL_CONVERSION = YES;
				CLANG_WARN_OBJC_ROOT_CLASS = YES_ERROR;
				CLANG_WARN_RANGE_LOOP_ANALYSIS = YES;
				CLANG_WARN_STRICT_PROTOTYPES = YES;
				CLANG_WARN_SUSPICIOUS_MOVE = YES;
				CLANG_WARN_UNGUARDED_AVAILABILITY = YES_AGGRESSIVE;
				CLANG_WARN_UNREACHABLE_CODE = YES;
				CLANG_WARN__DUPLICATE_METHOD_MATCH = YES;
				CODE_SIGN_IDENTITY = "iPhone Developer";
				COPY_PHASE_STRIP = NO;
				DEBUG_INFORMATION_FORMAT = dwarf;
				ENABLE_STRICT_OBJC_MSGSEND = YES;
				ENABLE_TESTABILITY = YES;
				GCC_C_LANGUAGE_STANDARD = gnu11;
				GCC_DYNAMIC_NO_PIC = NO;
				GCC_NO_COMMON_BLOCKS = YES;
				GCC_OPTIMIZATION_LEVEL = 0;
				GCC_PREPROCESSOR_DEFINITIONS = (
					"DEBUG=1",
					"$(inherited)",
				);
				GCC_WARN_64_TO_32_BIT_CONVERSION = YES;
				GCC_WARN_ABOUT_RETURN_TYPE = YES_ERROR;
				GCC_WARN_UNDECLARED_SELECTOR = YES;
				GCC_WARN_UNINITIALIZED_AUTOS = YES_AGGRESSIVE;
				GCC_WARN_UNUSED_FUNCTION = YES;
				GCC_WARN_UNUSED_VARIABLE = YES;
				IPHONEOS_DEPLOYMENT_TARGET = 12.1;
				MTL_ENABLE_DEBUG_INFO = INCLUDE_SOURCE;
				MTL_FAST_MATH = YES;
				ONLY_ACTIVE_ARCH = YES;
				SDKROOT = iphoneos;
				SWIFT_ACTIVE_COMPILATION_CONDITIONS = DEBUG;
				SWIFT_OPTIMIZATION_LEVEL = "-Onone";
			};
			name = Debug;
		};
		F7AB08AA21970C860012E9EA /* Release */ = {
			isa = XCBuildConfiguration;
			buildSettings = {
				ALWAYS_SEARCH_USER_PATHS = NO;
				CLANG_ANALYZER_NONNULL = YES;
				CLANG_ANALYZER_NUMBER_OBJECT_CONVERSION = YES_AGGRESSIVE;
				CLANG_CXX_LANGUAGE_STANDARD = "gnu++14";
				CLANG_CXX_LIBRARY = "libc++";
				CLANG_ENABLE_MODULES = YES;
				CLANG_ENABLE_OBJC_ARC = YES;
				CLANG_ENABLE_OBJC_WEAK = YES;
				CLANG_WARN_BLOCK_CAPTURE_AUTORELEASING = YES;
				CLANG_WARN_BOOL_CONVERSION = YES;
				CLANG_WARN_COMMA = YES;
				CLANG_WARN_CONSTANT_CONVERSION = YES;
				CLANG_WARN_DEPRECATED_OBJC_IMPLEMENTATIONS = YES;
				CLANG_WARN_DIRECT_OBJC_ISA_USAGE = YES_ERROR;
				CLANG_WARN_DOCUMENTATION_COMMENTS = YES;
				CLANG_WARN_EMPTY_BODY = YES;
				CLANG_WARN_ENUM_CONVERSION = YES;
				CLANG_WARN_INFINITE_RECURSION = YES;
				CLANG_WARN_INT_CONVERSION = YES;
				CLANG_WARN_NON_LITERAL_NULL_CONVERSION = YES;
				CLANG_WARN_OBJC_IMPLICIT_RETAIN_SELF = YES;
				CLANG_WARN_OBJC_LITERAL_CONVERSION = YES;
				CLANG_WARN_OBJC_ROOT_CLASS = YES_ERROR;
				CLANG_WARN_RANGE_LOOP_ANALYSIS = YES;
				CLANG_WARN_STRICT_PROTOTYPES = YES;
				CLANG_WARN_SUSPICIOUS_MOVE = YES;
				CLANG_WARN_UNGUARDED_AVAILABILITY = YES_AGGRESSIVE;
				CLANG_WARN_UNREACHABLE_CODE = YES;
				CLANG_WARN__DUPLICATE_METHOD_MATCH = YES;
				CODE_SIGN_IDENTITY = "iPhone Developer";
				COPY_PHASE_STRIP = NO;
				DEBUG_INFORMATION_FORMAT = "dwarf-with-dsym";
				ENABLE_NS_ASSERTIONS = NO;
				ENABLE_STRICT_OBJC_MSGSEND = YES;
				GCC_C_LANGUAGE_STANDARD = gnu11;
				GCC_NO_COMMON_BLOCKS = YES;
				GCC_WARN_64_TO_32_BIT_CONVERSION = YES;
				GCC_WARN_ABOUT_RETURN_TYPE = YES_ERROR;
				GCC_WARN_UNDECLARED_SELECTOR = YES;
				GCC_WARN_UNINITIALIZED_AUTOS = YES_AGGRESSIVE;
				GCC_WARN_UNUSED_FUNCTION = YES;
				GCC_WARN_UNUSED_VARIABLE = YES;
				IPHONEOS_DEPLOYMENT_TARGET = 12.1;
				MTL_ENABLE_DEBUG_INFO = NO;
				MTL_FAST_MATH = YES;
				SDKROOT = iphoneos;
				SWIFT_COMPILATION_MODE = wholemodule;
				SWIFT_OPTIMIZATION_LEVEL = "-O";
				VALIDATE_PRODUCT = YES;
			};
			name = Release;
		};
		F7AB08AC21970C860012E9EA /* Debug */ = {
			isa = XCBuildConfiguration;
			baseConfigurationReference = FA0AC518E28E877CBFB38957 /* Pods-FlickrSearch.debug.xcconfig */;
			buildSettings = {
				ASSETCATALOG_COMPILER_APPICON_NAME = AppIcon;
				CODE_SIGN_STYLE = Manual;
				DEVELOPMENT_TEAM = "";
				INFOPLIST_FILE = FlickrSearch/Info.plist;
				IPHONEOS_DEPLOYMENT_TARGET = 12.0;
				LD_RUNPATH_SEARCH_PATHS = (
					"$(inherited)",
					"@executable_path/Frameworks",
				);
				PRODUCT_BUNDLE_IDENTIFIER = com.test.FlickrSearch;
				PRODUCT_NAME = "$(TARGET_NAME)";
				PROVISIONING_PROFILE_SPECIFIER = "";
				SWIFT_VERSION = 4.2;
				TARGETED_DEVICE_FAMILY = "1,2";
			};
			name = Debug;
		};
		F7AB08AD21970C860012E9EA /* Release */ = {
			isa = XCBuildConfiguration;
			baseConfigurationReference = 05223DDBEEA617F9F7B87D32 /* Pods-FlickrSearch.release.xcconfig */;
			buildSettings = {
				ASSETCATALOG_COMPILER_APPICON_NAME = AppIcon;
				CODE_SIGN_STYLE = Manual;
				DEVELOPMENT_TEAM = "";
				INFOPLIST_FILE = FlickrSearch/Info.plist;
				IPHONEOS_DEPLOYMENT_TARGET = 12.0;
				LD_RUNPATH_SEARCH_PATHS = (
					"$(inherited)",
					"@executable_path/Frameworks",
				);
				PRODUCT_BUNDLE_IDENTIFIER = com.test.FlickrSearch;
				PRODUCT_NAME = "$(TARGET_NAME)";
				PROVISIONING_PROFILE_SPECIFIER = "";
				SWIFT_VERSION = 4.2;
				TARGETED_DEVICE_FAMILY = "1,2";
			};
			name = Release;
		};
		F7AB08AF21970C860012E9EA /* Debug */ = {
			isa = XCBuildConfiguration;
			baseConfigurationReference = E96F92413FCDF7A91409C8CC /* Pods-FlickrSearchTests.debug.xcconfig */;
			buildSettings = {
				ALWAYS_EMBED_SWIFT_STANDARD_LIBRARIES = YES;
				BUNDLE_LOADER = "$(TEST_HOST)";
				CODE_SIGN_STYLE = Automatic;
				INFOPLIST_FILE = FlickrSearchTests/Info.plist;
				LD_RUNPATH_SEARCH_PATHS = (
					"$(inherited)",
					"@executable_path/Frameworks",
					"@loader_path/Frameworks",
				);
				PRODUCT_BUNDLE_IDENTIFIER = com.test.FlickrSearchTests;
				PRODUCT_NAME = "$(TARGET_NAME)";
				SWIFT_VERSION = 4.2;
				TARGETED_DEVICE_FAMILY = "1,2";
				TEST_HOST = "$(BUILT_PRODUCTS_DIR)/FlickrSearch.app/FlickrSearch";
			};
			name = Debug;
		};
		F7AB08B021970C860012E9EA /* Release */ = {
			isa = XCBuildConfiguration;
			baseConfigurationReference = 15B90D2CD6CE69441B90F4D4 /* Pods-FlickrSearchTests.release.xcconfig */;
			buildSettings = {
				ALWAYS_EMBED_SWIFT_STANDARD_LIBRARIES = YES;
				BUNDLE_LOADER = "$(TEST_HOST)";
				CODE_SIGN_STYLE = Automatic;
				INFOPLIST_FILE = FlickrSearchTests/Info.plist;
				LD_RUNPATH_SEARCH_PATHS = (
					"$(inherited)",
					"@executable_path/Frameworks",
					"@loader_path/Frameworks",
				);
				PRODUCT_BUNDLE_IDENTIFIER = com.test.FlickrSearchTests;
				PRODUCT_NAME = "$(TARGET_NAME)";
				SWIFT_VERSION = 4.2;
				TARGETED_DEVICE_FAMILY = "1,2";
				TEST_HOST = "$(BUILT_PRODUCTS_DIR)/FlickrSearch.app/FlickrSearch";
			};
			name = Release;
		};
		F7AB08B221970C860012E9EA /* Debug */ = {
			isa = XCBuildConfiguration;
			baseConfigurationReference = 86AE08747F3138C9843FD580 /* Pods-FlickrSearchUITests.debug.xcconfig */;
			buildSettings = {
				ALWAYS_EMBED_SWIFT_STANDARD_LIBRARIES = YES;
				CODE_SIGN_STYLE = Automatic;
				INFOPLIST_FILE = FlickrSearchUITests/Info.plist;
				LD_RUNPATH_SEARCH_PATHS = (
					"$(inherited)",
					"@executable_path/Frameworks",
					"@loader_path/Frameworks",
				);
				PRODUCT_BUNDLE_IDENTIFIER = com.test.FlickrSearchUITests;
				PRODUCT_NAME = "$(TARGET_NAME)";
				SWIFT_VERSION = 4.2;
				TARGETED_DEVICE_FAMILY = "1,2";
				TEST_TARGET_NAME = FlickrSearch;
			};
			name = Debug;
		};
		F7AB08B321970C860012E9EA /* Release */ = {
			isa = XCBuildConfiguration;
			baseConfigurationReference = 7A870EB84D708A1D6F3C40C8 /* Pods-FlickrSearchUITests.release.xcconfig */;
			buildSettings = {
				ALWAYS_EMBED_SWIFT_STANDARD_LIBRARIES = YES;
				CODE_SIGN_STYLE = Automatic;
				INFOPLIST_FILE = FlickrSearchUITests/Info.plist;
				LD_RUNPATH_SEARCH_PATHS = (
					"$(inherited)",
					"@executable_path/Frameworks",
					"@loader_path/Frameworks",
				);
				PRODUCT_BUNDLE_IDENTIFIER = com.test.FlickrSearchUITests;
				PRODUCT_NAME = "$(TARGET_NAME)";
				SWIFT_VERSION = 4.2;
				TARGETED_DEVICE_FAMILY = "1,2";
				TEST_TARGET_NAME = FlickrSearch;
			};
			name = Release;
		};
/* End XCBuildConfiguration section */

/* Begin XCConfigurationList section */
		F7AB087E21970C830012E9EA /* Build configuration list for PBXProject "FlickrSearch" */ = {
			isa = XCConfigurationList;
			buildConfigurations = (
				F7AB08A921970C860012E9EA /* Debug */,
				F7AB08AA21970C860012E9EA /* Release */,
			);
			defaultConfigurationIsVisible = 0;
			defaultConfigurationName = Release;
		};
		F7AB08AB21970C860012E9EA /* Build configuration list for PBXNativeTarget "FlickrSearch" */ = {
			isa = XCConfigurationList;
			buildConfigurations = (
				F7AB08AC21970C860012E9EA /* Debug */,
				F7AB08AD21970C860012E9EA /* Release */,
			);
			defaultConfigurationIsVisible = 0;
			defaultConfigurationName = Release;
		};
		F7AB08AE21970C860012E9EA /* Build configuration list for PBXNativeTarget "FlickrSearchTests" */ = {
			isa = XCConfigurationList;
			buildConfigurations = (
				F7AB08AF21970C860012E9EA /* Debug */,
				F7AB08B021970C860012E9EA /* Release */,
			);
			defaultConfigurationIsVisible = 0;
			defaultConfigurationName = Release;
		};
		F7AB08B121970C860012E9EA /* Build configuration list for PBXNativeTarget "FlickrSearchUITests" */ = {
			isa = XCConfigurationList;
			buildConfigurations = (
				F7AB08B221970C860012E9EA /* Debug */,
				F7AB08B321970C860012E9EA /* Release */,
			);
			defaultConfigurationIsVisible = 0;
			defaultConfigurationName = Release;
		};
/* End XCConfigurationList section */
	};
	rootObject = F7AB087B21970C830012E9EA /* Project object */;
}
